// !$*UTF8*$!
{
	archiveVersion = 1;
	classes = {
	};
	objectVersion = 46;
	objects = {

/* Begin PBXBuildFile section */
		6D0B384C1ED5A5A000CCE53A /* main.m in Sources */ = {isa = PBXBuildFile; fileRef = 6D0B384B1ED5A5A000CCE53A /* main.m */; };
		6D0B385B1ED5A5C500CCE53A /* CLArguments.m in Sources */ = {isa = PBXBuildFile; fileRef = 6D0B38541ED5A5C500CCE53A /* CLArguments.m */; };
		6D0B385C1ED5A5C500CCE53A /* CLCommandExplain.m in Sources */ = {isa = PBXBuildFile; fileRef = 6D0B38561ED5A5C500CCE53A /* CLCommandExplain.m */; };
		6D0B385E1ED5A5C500CCE53A /* CLExplainItem.m in Sources */ = {isa = PBXBuildFile; fileRef = 6D0B385A1ED5A5C500CCE53A /* CLExplainItem.m */; };
		6DF982511ED8241B003859F8 /* NSTask+CommandLine.m in Sources */ = {isa = PBXBuildFile; fileRef = 6DF982501ED8241B003859F8 /* NSTask+CommandLine.m */; };
		D4F652581F3FF0F500442A43 /* CLStandard.m in Sources */ = {isa = PBXBuildFile; fileRef = D4F652551F3FF0F500442A43 /* CLStandard.m */; };
		D4F652591F3FF0F500442A43 /* CLUtils.m in Sources */ = {isa = PBXBuildFile; fileRef = D4F652571F3FF0F500442A43 /* CLUtils.m */; };
/* End PBXBuildFile section */

/* Begin PBXCopyFilesBuildPhase section */
		6D0B38461ED5A5A000CCE53A /* CopyFiles */ = {
			isa = PBXCopyFilesBuildPhase;
			buildActionMask = 2147483647;
			dstPath = /usr/share/man/man1/;
			dstSubfolderSpec = 0;
			files = (
			);
			runOnlyForDeploymentPostprocessing = 1;
		};
/* End PBXCopyFilesBuildPhase section */

/* Begin PBXFileReference section */
		6D0B38481ED5A5A000CCE53A /* CommandLine */ = {isa = PBXFileReference; explicitFileType = "compiled.mach-o.executable"; includeInIndex = 0; path = CommandLine; sourceTree = BUILT_PRODUCTS_DIR; };
		6D0B384B1ED5A5A000CCE53A /* main.m */ = {isa = PBXFileReference; lastKnownFileType = sourcecode.c.objc; path = main.m; sourceTree = "<group>"; };
		6D0B38531ED5A5C500CCE53A /* CLArguments.h */ = {isa = PBXFileReference; fileEncoding = 4; lastKnownFileType = sourcecode.c.h; path = CLArguments.h; sourceTree = "<group>"; };
		6D0B38541ED5A5C500CCE53A /* CLArguments.m */ = {isa = PBXFileReference; fileEncoding = 4; lastKnownFileType = sourcecode.c.objc; path = CLArguments.m; sourceTree = "<group>"; };
		6D0B38551ED5A5C500CCE53A /* CLCommandExplain.h */ = {isa = PBXFileReference; fileEncoding = 4; lastKnownFileType = sourcecode.c.h; path = CLCommandExplain.h; sourceTree = "<group>"; };
		6D0B38561ED5A5C500CCE53A /* CLCommandExplain.m */ = {isa = PBXFileReference; fileEncoding = 4; lastKnownFileType = sourcecode.c.objc; path = CLCommandExplain.m; sourceTree = "<group>"; };
		6D0B38591ED5A5C500CCE53A /* CLExplainItem.h */ = {isa = PBXFileReference; fileEncoding = 4; lastKnownFileType = sourcecode.c.h; path = CLExplainItem.h; sourceTree = "<group>"; };
		6D0B385A1ED5A5C500CCE53A /* CLExplainItem.m */ = {isa = PBXFileReference; fileEncoding = 4; lastKnownFileType = sourcecode.c.objc; path = CLExplainItem.m; sourceTree = "<group>"; };
		6DF9824B1ED81D69003859F8 /* CommandLine.h */ = {isa = PBXFileReference; fileEncoding = 4; lastKnownFileType = sourcecode.c.h; path = CommandLine.h; sourceTree = "<group>"; };
		6DF9824F1ED8241B003859F8 /* NSTask+CommandLine.h */ = {isa = PBXFileReference; fileEncoding = 4; lastKnownFileType = sourcecode.c.h; path = "NSTask+CommandLine.h"; sourceTree = "<group>"; };
		6DF982501ED8241B003859F8 /* NSTask+CommandLine.m */ = {isa = PBXFileReference; fileEncoding = 4; lastKnownFileType = sourcecode.c.objc; path = "NSTask+CommandLine.m"; sourceTree = "<group>"; };
		D4F652541F3FF0F500442A43 /* CLStandard.h */ = {isa = PBXFileReference; fileEncoding = 4; lastKnownFileType = sourcecode.c.h; path = CLStandard.h; sourceTree = "<group>"; };
		D4F652551F3FF0F500442A43 /* CLStandard.m */ = {isa = PBXFileReference; fileEncoding = 4; lastKnownFileType = sourcecode.c.objc; path = CLStandard.m; sourceTree = "<group>"; };
		D4F652561F3FF0F500442A43 /* CLUtils.h */ = {isa = PBXFileReference; fileEncoding = 4; lastKnownFileType = sourcecode.c.h; path = CLUtils.h; sourceTree = "<group>"; };
		D4F652571F3FF0F500442A43 /* CLUtils.m */ = {isa = PBXFileReference; fileEncoding = 4; lastKnownFileType = sourcecode.c.objc; path = CLUtils.m; sourceTree = "<group>"; };
/* End PBXFileReference section */

/* Begin PBXFrameworksBuildPhase section */
		6D0B38451ED5A5A000CCE53A /* Frameworks */ = {
			isa = PBXFrameworksBuildPhase;
			buildActionMask = 2147483647;
			files = (
			);
			runOnlyForDeploymentPostprocessing = 0;
		};
/* End PBXFrameworksBuildPhase section */

/* Begin PBXGroup section */
		6D0B383F1ED5A5A000CCE53A = {
			isa = PBXGroup;
			children = (
				6D0B384A1ED5A5A000CCE53A /* CommandLine */,
				6D0B38491ED5A5A000CCE53A /* Products */,
			);
			sourceTree = "<group>";
		};
		6D0B38491ED5A5A000CCE53A /* Products */ = {
			isa = PBXGroup;
			children = (
				6D0B38481ED5A5A000CCE53A /* CommandLine */,
			);
			name = Products;
			sourceTree = "<group>";
		};
		6D0B384A1ED5A5A000CCE53A /* CommandLine */ = {
			isa = PBXGroup;
			children = (
				6D0B38521ED5A5C500CCE53A /* CommandLine */,
				6D0B384B1ED5A5A000CCE53A /* main.m */,
			);
			path = CommandLine;
			sourceTree = "<group>";
		};
		6D0B38521ED5A5C500CCE53A /* CommandLine */ = {
			isa = PBXGroup;
			children = (
				6DF9824B1ED81D69003859F8 /* CommandLine.h */,
				6D0B38531ED5A5C500CCE53A /* CLArguments.h */,
				6D0B38541ED5A5C500CCE53A /* CLArguments.m */,
				6D0B38551ED5A5C500CCE53A /* CLCommandExplain.h */,
				6D0B38561ED5A5C500CCE53A /* CLCommandExplain.m */,
				6D0B38591ED5A5C500CCE53A /* CLExplainItem.h */,
				6D0B385A1ED5A5C500CCE53A /* CLExplainItem.m */,
				D4F652541F3FF0F500442A43 /* CLStandard.h */,
				D4F652551F3FF0F500442A43 /* CLStandard.m */,
				D4F652561F3FF0F500442A43 /* CLUtils.h */,
				D4F652571F3FF0F500442A43 /* CLUtils.m */,
				6DF9824F1ED8241B003859F8 /* NSTask+CommandLine.h */,
				6DF982501ED8241B003859F8 /* NSTask+CommandLine.m */,
			);
			path = CommandLine;
			sourceTree = "<group>";
		};
/* End PBXGroup section */

/* Begin PBXNativeTarget section */
		6D0B38471ED5A5A000CCE53A /* CommandLine */ = {
			isa = PBXNativeTarget;
			buildConfigurationList = 6D0B384F1ED5A5A000CCE53A /* Build configuration list for PBXNativeTarget "CommandLine" */;
			buildPhases = (
				6D0B38441ED5A5A000CCE53A /* Sources */,
				6D0B38451ED5A5A000CCE53A /* Frameworks */,
				6D0B38461ED5A5A000CCE53A /* CopyFiles */,
			);
			buildRules = (
			);
			dependencies = (
			);
			name = CommandLine;
			productName = CommandLine;
			productReference = 6D0B38481ED5A5A000CCE53A /* CommandLine */;
			productType = "com.apple.product-type.tool";
		};
/* End PBXNativeTarget section */

/* Begin PBXProject section */
		6D0B38401ED5A5A000CCE53A /* Project object */ = {
			isa = PBXProject;
			attributes = {
				LastUpgradeCheck = 0830;
				ORGANIZATIONNAME = unique;
				TargetAttributes = {
					6D0B38471ED5A5A000CCE53A = {
						CreatedOnToolsVersion = 8.3.1;
						ProvisioningStyle = Automatic;
					};
				};
			};
			buildConfigurationList = 6D0B38431ED5A5A000CCE53A /* Build configuration list for PBXProject "CommandLine" */;
			compatibilityVersion = "Xcode 3.2";
			developmentRegion = English;
			hasScannedForEncodings = 0;
			knownRegions = (
				en,
			);
			mainGroup = 6D0B383F1ED5A5A000CCE53A;
			productRefGroup = 6D0B38491ED5A5A000CCE53A /* Products */;
			projectDirPath = "";
			projectRoot = "";
			targets = (
				6D0B38471ED5A5A000CCE53A /* CommandLine */,
			);
		};
/* End PBXProject section */

/* Begin PBXSourcesBuildPhase section */
		6D0B38441ED5A5A000CCE53A /* Sources */ = {
			isa = PBXSourcesBuildPhase;
			buildActionMask = 2147483647;
			files = (
				6D0B385C1ED5A5C500CCE53A /* CLCommandExplain.m in Sources */,
				D4F652581F3FF0F500442A43 /* CLStandard.m in Sources */,
				6DF982511ED8241B003859F8 /* NSTask+CommandLine.m in Sources */,
				6D0B385E1ED5A5C500CCE53A /* CLExplainItem.m in Sources */,
				6D0B384C1ED5A5A000CCE53A /* main.m in Sources */,
				6D0B385B1ED5A5C500CCE53A /* CLArguments.m in Sources */,
				D4F652591F3FF0F500442A43 /* CLUtils.m in Sources */,
			);
			runOnlyForDeploymentPostprocessing = 0;
		};
/* End PBXSourcesBuildPhase section */

/* Begin XCBuildConfiguration section */
		6D0B384D1ED5A5A000CCE53A /* Debug */ = {
			isa = XCBuildConfiguration;
			buildSettings = {
				ALWAYS_SEARCH_USER_PATHS = NO;
				CLANG_ANALYZER_NONNULL = YES;
				CLANG_ANALYZER_NUMBER_OBJECT_CONVERSION = YES_AGGRESSIVE;
				CLANG_CXX_LANGUAGE_STANDARD = "gnu++0x";
				CLANG_CXX_LIBRARY = "libc++";
				CLANG_ENABLE_MODULES = YES;
				CLANG_ENABLE_OBJC_ARC = YES;
				CLANG_WARN_BOOL_CONVERSION = YES;
				CLANG_WARN_CONSTANT_CONVERSION = YES;
				CLANG_WARN_DIRECT_OBJC_ISA_USAGE = YES_ERROR;
				CLANG_WARN_DOCUMENTATION_COMMENTS = YES;
				CLANG_WARN_EMPTY_BODY = YES;
				CLANG_WARN_ENUM_CONVERSION = YES;
				CLANG_WARN_INFINITE_RECURSION = YES;
				CLANG_WARN_INT_CONVERSION = YES;
				CLANG_WARN_OBJC_ROOT_CLASS = YES_ERROR;
				CLANG_WARN_SUSPICIOUS_MOVE = YES;
				CLANG_WARN_UNREACHABLE_CODE = YES;
				CLANG_WARN__DUPLICATE_METHOD_MATCH = YES;
				CODE_SIGN_IDENTITY = "-";
				COPY_PHASE_STRIP = NO;
				DEBUG_INFORMATION_FORMAT = dwarf;
				ENABLE_STRICT_OBJC_MSGSEND = YES;
				ENABLE_TESTABILITY = YES;
				GCC_C_LANGUAGE_STANDARD = gnu99;
				GCC_DYNAMIC_NO_PIC = NO;
				GCC_NO_COMMON_BLOCKS = YES;
				GCC_OPTIMIZATION_LEVEL = 0;
				GCC_PREPROCESSOR_DEFINITIONS = (
					"DEBUG=1",
					"$(inherited)",
				);
				GCC_WARN_64_TO_32_BIT_CONVERSION = YES;
				GCC_WARN_ABOUT_RETURN_TYPE = YES_ERROR;
				GCC_WARN_UNDECLARED_SELECTOR = YES;
				GCC_WARN_UNINITIALIZED_AUTOS = YES_AGGRESSIVE;
				GCC_WARN_UNUSED_FUNCTION = YES;
				GCC_WARN_UNUSED_VARIABLE = YES;
				MACOSX_DEPLOYMENT_TARGET = 10.12;
				MTL_ENABLE_DEBUG_INFO = YES;
				ONLY_ACTIVE_ARCH = YES;
				SDKROOT = macosx;
			};
			name = Debug;
		};
		6D0B384E1ED5A5A000CCE53A /* Release */ = {
			isa = XCBuildConfiguration;
			buildSettings = {
				ALWAYS_SEARCH_USER_PATHS = NO;
				CLANG_ANALYZER_NONNULL = YES;
				CLANG_ANALYZER_NUMBER_OBJECT_CONVERSION = YES_AGGRESSIVE;
				CLANG_CXX_LANGUAGE_STANDARD = "gnu++0x";
				CLANG_CXX_LIBRARY = "libc++";
				CLANG_ENABLE_MODULES = YES;
				CLANG_ENABLE_OBJC_ARC = YES;
				CLANG_WARN_BOOL_CONVERSION = YES;
				CLANG_WARN_CONSTANT_CONVERSION = YES;
				CLANG_WARN_DIRECT_OBJC_ISA_USAGE = YES_ERROR;
				CLANG_WARN_DOCUMENTATION_COMMENTS = YES;
				CLANG_WARN_EMPTY_BODY = YES;
				CLANG_WARN_ENUM_CONVERSION = YES;
				CLANG_WARN_INFINITE_RECURSION = YES;
				CLANG_WARN_INT_CONVERSION = YES;
				CLANG_WARN_OBJC_ROOT_CLASS = YES_ERROR;
				CLANG_WARN_SUSPICIOUS_MOVE = YES;
				CLANG_WARN_UNREACHABLE_CODE = YES;
				CLANG_WARN__DUPLICATE_METHOD_MATCH = YES;
				CODE_SIGN_IDENTITY = "-";
				COPY_PHASE_STRIP = NO;
				DEBUG_INFORMATION_FORMAT = "dwarf-with-dsym";
				ENABLE_NS_ASSERTIONS = NO;
				ENABLE_STRICT_OBJC_MSGSEND = YES;
				GCC_C_LANGUAGE_STANDARD = gnu99;
				GCC_NO_COMMON_BLOCKS = YES;
				GCC_WARN_64_TO_32_BIT_CONVERSION = YES;
				GCC_WARN_ABOUT_RETURN_TYPE = YES_ERROR;
				GCC_WARN_UNDECLARED_SELECTOR = YES;
				GCC_WARN_UNINITIALIZED_AUTOS = YES_AGGRESSIVE;
				GCC_WARN_UNUSED_FUNCTION = YES;
				GCC_WARN_UNUSED_VARIABLE = YES;
				MACOSX_DEPLOYMENT_TARGET = 10.12;
				MTL_ENABLE_DEBUG_INFO = NO;
				SDKROOT = macosx;
			};
			name = Release;
		};
		6D0B38501ED5A5A000CCE53A /* Debug */ = {
			isa = XCBuildConfiguration;
			buildSettings = {
				PRODUCT_NAME = "$(TARGET_NAME)";
			};
			name = Debug;
		};
		6D0B38511ED5A5A000CCE53A /* Release */ = {
			isa = XCBuildConfiguration;
			buildSettings = {
				PRODUCT_NAME = "$(TARGET_NAME)";
			};
			name = Release;
		};
/* End XCBuildConfiguration section */

/* Begin XCConfigurationList section */
		6D0B38431ED5A5A000CCE53A /* Build configuration list for PBXProject "CommandLine" */ = {
			isa = XCConfigurationList;
			buildConfigurations = (
				6D0B384D1ED5A5A000CCE53A /* Debug */,
				6D0B384E1ED5A5A000CCE53A /* Release */,
			);
			defaultConfigurationIsVisible = 0;
			defaultConfigurationName = Release;
		};
		6D0B384F1ED5A5A000CCE53A /* Build configuration list for PBXNativeTarget "CommandLine" */ = {
			isa = XCConfigurationList;
			buildConfigurations = (
				6D0B38501ED5A5A000CCE53A /* Debug */,
				6D0B38511ED5A5A000CCE53A /* Release */,
			);
			defaultConfigurationIsVisible = 0;
			defaultConfigurationName = Release;
		};
/* End XCConfigurationList section */
	};
	rootObject = 6D0B38401ED5A5A000CCE53A /* Project object */;
}
